
Microsoft Visual Studio Solution File, Format Version 12.00
# Visual Studio Version 16
VisualStudioVersion = 16.0.31129.286
MinimumVisualStudioVersion = 10.0.40219.1
Project("{FAE04EC0-301F-11D3-BF4B-00C04F79EFBC}") = "GoogleDrive", "GoogleDrive\GoogleDrive.csproj", "{586858C1-420F-4A52-9133-6E24900499D2}"
EndProject
Global
	GlobalSection(SolutionConfigurationPlatforms) = preSolution
		Debug|Any CPU = Debug|Any CPU
		Release|Any CPU = Release|Any CPU
	EndGlobalSection
	GlobalSection(ProjectConfigurationPlatforms) = postSolution
		{586858C1-420F-4A52-9133-6E24900499D2}.Debug|Any CPU.ActiveCfg = Debug|Any CPU
		{586858C1-420F-4A52-9133-6E24900499D2}.Debug|Any CPU.Build.0 = Debug|Any CPU
		{586858C1-420F-4A52-9133-6E24900499D2}.Release|Any CPU.ActiveCfg = Release|Any CPU
		{586858C1-420F-4A52-9133-6E24900499D2}.Release|Any CPU.Build.0 = Release|Any CPU
	EndGlobalSection
	GlobalSection(SolutionProperties) = preSolution
		HideSolutionNode = FALSE
	EndGlobalSection
	GlobalSection(ExtensibilityGlobals) = postSolution
		SolutionGuid = {267951A0-7273-4BC9-BC84-D7342CC005C1}
	EndGlobalSection
EndGlobal
